
Microsoft Visual Studio Solution File, Format Version 12.00
# Visual Studio Version 16
VisualStudioVersion = 16.0.30114.105
MinimumVisualStudioVersion = 10.0.40219.1
Project("{FAE04EC0-301F-11D3-BF4B-00C04F79EFBC}") = "R5T.Copenhagen.Base", "R5T.Copenhagen.Base\R5T.Copenhagen.Base.csproj", "{72A44C5C-FF3C-449D-B812-EF3A6BC412FC}"
EndProject
Project("{FAE04EC0-301F-11D3-BF4B-00C04F79EFBC}") = "R5T.Copenhagen.Base.Construction", "R5T.Copenhagen.Base.Construction\R5T.Copenhagen.Base.Construction.csproj", "{78F9F62A-B1B4-4754-B6AE-9AAD0AEEDE24}"
EndProject
Global
	GlobalSection(SolutionConfigurationPlatforms) = preSolution
		Debug|Any CPU = Debug|Any CPU
		Debug|x64 = Debug|x64
		Debug|x86 = Debug|x86
		Release|Any CPU = Release|Any CPU
		Release|x64 = Release|x64
		Release|x86 = Release|x86
	EndGlobalSection
	GlobalSection(SolutionProperties) = preSolution
		HideSolutionNode = FALSE
	EndGlobalSection
	GlobalSection(ProjectConfigurationPlatforms) = postSolution
		{72A44C5C-FF3C-449D-B812-EF3A6BC412FC}.Debug|Any CPU.ActiveCfg = Debug|Any CPU
		{72A44C5C-FF3C-449D-B812-EF3A6BC412FC}.Debug|Any CPU.Build.0 = Debug|Any CPU
		{72A44C5C-FF3C-449D-B812-EF3A6BC412FC}.Debug|x64.ActiveCfg = Debug|Any CPU
		{72A44C5C-FF3C-449D-B812-EF3A6BC412FC}.Debug|x64.Build.0 = Debug|Any CPU
		{72A44C5C-FF3C-449D-B812-EF3A6BC412FC}.Debug|x86.ActiveCfg = Debug|Any CPU
		{72A44C5C-FF3C-449D-B812-EF3A6BC412FC}.Debug|x86.Build.0 = Debug|Any CPU
		{72A44C5C-FF3C-449D-B812-EF3A6BC412FC}.Release|Any CPU.ActiveCfg = Release|Any CPU
		{72A44C5C-FF3C-449D-B812-EF3A6BC412FC}.Release|Any CPU.Build.0 = Release|Any CPU
		{72A44C5C-FF3C-449D-B812-EF3A6BC412FC}.Release|x64.ActiveCfg = Release|Any CPU
		{72A44C5C-FF3C-449D-B812-EF3A6BC412FC}.Release|x64.Build.0 = Release|Any CPU
		{72A44C5C-FF3C-449D-B812-EF3A6BC412FC}.Release|x86.ActiveCfg = Release|Any CPU
		{72A44C5C-FF3C-449D-B812-EF3A6BC412FC}.Release|x86.Build.0 = Release|Any CPU
		{78F9F62A-B1B4-4754-B6AE-9AAD0AEEDE24}.Debug|Any CPU.ActiveCfg = Debug|Any CPU
		{78F9F62A-B1B4-4754-B6AE-9AAD0AEEDE24}.Debug|Any CPU.Build.0 = Debug|Any CPU
		{78F9F62A-B1B4-4754-B6AE-9AAD0AEEDE24}.Debug|x64.ActiveCfg = Debug|Any CPU
		{78F9F62A-B1B4-4754-B6AE-9AAD0AEEDE24}.Debug|x64.Build.0 = Debug|Any CPU
		{78F9F62A-B1B4-4754-B6AE-9AAD0AEEDE24}.Debug|x86.ActiveCfg = Debug|Any CPU
		{78F9F62A-B1B4-4754-B6AE-9AAD0AEEDE24}.Debug|x86.Build.0 = Debug|Any CPU
		{78F9F62A-B1B4-4754-B6AE-9AAD0AEEDE24}.Release|Any CPU.ActiveCfg = Release|Any CPU
		{78F9F62A-B1B4-4754-B6AE-9AAD0AEEDE24}.Release|Any CPU.Build.0 = Release|Any CPU
		{78F9F62A-B1B4-4754-B6AE-9AAD0AEEDE24}.Release|x64.ActiveCfg = Release|Any CPU
		{78F9F62A-B1B4-4754-B6AE-9AAD0AEEDE24}.Release|x64.Build.0 = Release|Any CPU
		{78F9F62A-B1B4-4754-B6AE-9AAD0AEEDE24}.Release|x86.ActiveCfg = Release|Any CPU
		{78F9F62A-B1B4-4754-B6AE-9AAD0AEEDE24}.Release|x86.Build.0 = Release|Any CPU
	EndGlobalSection
EndGlobal
