
Microsoft Visual Studio Solution File, Format Version 12.00
# Visual Studio 15
VisualStudioVersion = 15.0.26124.0
MinimumVisualStudioVersion = 15.0.26124.0
Project("{9A19103F-16F7-4668-BE54-9A1E7A4F7556}") = "R5T.Copenhagen.Base.Construction", "R5T.Copenhagen.Base.Construction\R5T.Copenhagen.Base.Construction.csproj", "{BCA9D59C-9B6B-45A1-B333-2266616736AB}"
EndProject
Project("{9A19103F-16F7-4668-BE54-9A1E7A4F7556}") = "R5T.Copenhagen.Base", "R5T.Copenhagen.Base\R5T.Copenhagen.Base.csproj", "{13AD5DCE-FEE7-4053-9828-E1C381751A20}"
EndProject
Project("{2150E333-8FDC-42A3-9474-1A3956D46DE8}") = "_Dependencies", "_Dependencies", "{D6693399-2829-4E44-9D3A-3ADC8F0E5BD2}"
EndProject
Project("{9A19103F-16F7-4668-BE54-9A1E7A4F7556}") = "R5T.T0064", "..\..\R5T.T0064\source\R5T.T0064\R5T.T0064.csproj", "{42C8C131-6CEA-4020-9370-F8A1C93C6F1C}"
EndProject
Global
	GlobalSection(SolutionConfigurationPlatforms) = preSolution
		Debug|Any CPU = Debug|Any CPU
		Debug|x64 = Debug|x64
		Debug|x86 = Debug|x86
		Release|Any CPU = Release|Any CPU
		Release|x64 = Release|x64
		Release|x86 = Release|x86
	EndGlobalSection
	GlobalSection(ProjectConfigurationPlatforms) = postSolution
		{BCA9D59C-9B6B-45A1-B333-2266616736AB}.Debug|Any CPU.ActiveCfg = Debug|Any CPU
		{BCA9D59C-9B6B-45A1-B333-2266616736AB}.Debug|Any CPU.Build.0 = Debug|Any CPU
		{BCA9D59C-9B6B-45A1-B333-2266616736AB}.Debug|x64.ActiveCfg = Debug|Any CPU
		{BCA9D59C-9B6B-45A1-B333-2266616736AB}.Debug|x64.Build.0 = Debug|Any CPU
		{BCA9D59C-9B6B-45A1-B333-2266616736AB}.Debug|x86.ActiveCfg = Debug|Any CPU
		{BCA9D59C-9B6B-45A1-B333-2266616736AB}.Debug|x86.Build.0 = Debug|Any CPU
		{BCA9D59C-9B6B-45A1-B333-2266616736AB}.Release|Any CPU.ActiveCfg = Release|Any CPU
		{BCA9D59C-9B6B-45A1-B333-2266616736AB}.Release|Any CPU.Build.0 = Release|Any CPU
		{BCA9D59C-9B6B-45A1-B333-2266616736AB}.Release|x64.ActiveCfg = Release|Any CPU
		{BCA9D59C-9B6B-45A1-B333-2266616736AB}.Release|x64.Build.0 = Release|Any CPU
		{BCA9D59C-9B6B-45A1-B333-2266616736AB}.Release|x86.ActiveCfg = Release|Any CPU
		{BCA9D59C-9B6B-45A1-B333-2266616736AB}.Release|x86.Build.0 = Release|Any CPU
		{13AD5DCE-FEE7-4053-9828-E1C381751A20}.Debug|Any CPU.ActiveCfg = Debug|Any CPU
		{13AD5DCE-FEE7-4053-9828-E1C381751A20}.Debug|Any CPU.Build.0 = Debug|Any CPU
		{13AD5DCE-FEE7-4053-9828-E1C381751A20}.Debug|x64.ActiveCfg = Debug|Any CPU
		{13AD5DCE-FEE7-4053-9828-E1C381751A20}.Debug|x64.Build.0 = Debug|Any CPU
		{13AD5DCE-FEE7-4053-9828-E1C381751A20}.Debug|x86.ActiveCfg = Debug|Any CPU
		{13AD5DCE-FEE7-4053-9828-E1C381751A20}.Debug|x86.Build.0 = Debug|Any CPU
		{13AD5DCE-FEE7-4053-9828-E1C381751A20}.Release|Any CPU.ActiveCfg = Release|Any CPU
		{13AD5DCE-FEE7-4053-9828-E1C381751A20}.Release|Any CPU.Build.0 = Release|Any CPU
		{13AD5DCE-FEE7-4053-9828-E1C381751A20}.Release|x64.ActiveCfg = Release|Any CPU
		{13AD5DCE-FEE7-4053-9828-E1C381751A20}.Release|x64.Build.0 = Release|Any CPU
		{13AD5DCE-FEE7-4053-9828-E1C381751A20}.Release|x86.ActiveCfg = Release|Any CPU
		{13AD5DCE-FEE7-4053-9828-E1C381751A20}.Release|x86.Build.0 = Release|Any CPU
		{42C8C131-6CEA-4020-9370-F8A1C93C6F1C}.Debug|Any CPU.ActiveCfg = Debug|Any CPU
		{42C8C131-6CEA-4020-9370-F8A1C93C6F1C}.Debug|Any CPU.Build.0 = Debug|Any CPU
		{42C8C131-6CEA-4020-9370-F8A1C93C6F1C}.Debug|x64.ActiveCfg = Debug|Any CPU
		{42C8C131-6CEA-4020-9370-F8A1C93C6F1C}.Debug|x64.Build.0 = Debug|Any CPU
		{42C8C131-6CEA-4020-9370-F8A1C93C6F1C}.Debug|x86.ActiveCfg = Debug|Any CPU
		{42C8C131-6CEA-4020-9370-F8A1C93C6F1C}.Debug|x86.Build.0 = Debug|Any CPU
		{42C8C131-6CEA-4020-9370-F8A1C93C6F1C}.Release|Any CPU.ActiveCfg = Release|Any CPU
		{42C8C131-6CEA-4020-9370-F8A1C93C6F1C}.Release|Any CPU.Build.0 = Release|Any CPU
		{42C8C131-6CEA-4020-9370-F8A1C93C6F1C}.Release|x64.ActiveCfg = Release|Any CPU
		{42C8C131-6CEA-4020-9370-F8A1C93C6F1C}.Release|x64.Build.0 = Release|Any CPU
		{42C8C131-6CEA-4020-9370-F8A1C93C6F1C}.Release|x86.ActiveCfg = Release|Any CPU
		{42C8C131-6CEA-4020-9370-F8A1C93C6F1C}.Release|x86.Build.0 = Release|Any CPU
	EndGlobalSection
	GlobalSection(SolutionProperties) = preSolution
		HideSolutionNode = FALSE
	EndGlobalSection
	GlobalSection(NestedProjects) = preSolution
		{42C8C131-6CEA-4020-9370-F8A1C93C6F1C} = {D6693399-2829-4E44-9D3A-3ADC8F0E5BD2}
	EndGlobalSection
	GlobalSection(ExtensibilityGlobals) = postSolution
		SolutionGuid = {80AC7B7D-CB26-4306-8F28-FFE0F62CC84A}
	EndGlobalSection
EndGlobal
